// !$*UTF8*$!
{
	archiveVersion = 1;
	classes = {
	};
	objectVersion = 77;
	objects = {

/* Begin PBXBuildFile section */
		BFC4AAC72D0FC6E200C49F59 /* Preview Assets.xcassets in Resources */ = {isa = PBXBuildFile; fileRef = BFC4AAC12D0FC6E200C49F59 /* Preview Assets.xcassets */; };
		BFC4AAC82D0FC6E200C49F59 /* Assets.xcassets in Resources */ = {isa = PBXBuildFile; fileRef = BFC4AAC32D0FC6E200C49F59 /* Assets.xcassets */; };
		BFC4AAC92D0FC6E200C49F59 /* AcrosticPoemView.swift in Sources */ = {isa = PBXBuildFile; fileRef = BFC4AAC42D0FC6E200C49F59 /* AcrosticPoemView.swift */; };
		BFC4AACA2D0FC6E200C49F59 /* TextExplorationApp.swift in Sources */ = {isa = PBXBuildFile; fileRef = BFC4AAC52D0FC6E200C49F59 /* TextExplorationApp.swift */; };
		BFC4AACC2D0FCC4C00C49F59 /* MarkDownDemo.swift in Sources */ = {isa = PBXBuildFile; fileRef = BFC4AACB2D0FCC4C00C49F59 /* MarkDownDemo.swift */; };
		BFC4AACE2D0FCE7000C49F59 /* MarkdownAndStringInterpolation.swift in Sources */ = {isa = PBXBuildFile; fileRef = BFC4AACD2D0FCE7000C49F59 /* MarkdownAndStringInterpolation.swift */; };
		BFC4AAD02D0FCF9E00C49F59 /* DisplayCodeWIthMarkdown.swift in Sources */ = {isa = PBXBuildFile; fileRef = BFC4AACF2D0FCF9E00C49F59 /* DisplayCodeWIthMarkdown.swift */; };
		BFC4AAD22D0FD18C00C49F59 /* OpenURLActionDemo.swift in Sources */ = {isa = PBXBuildFile; fileRef = BFC4AAD12D0FD18C00C49F59 /* OpenURLActionDemo.swift */; };
		BFC4AAD62D0FE2CD00C49F59 /* PluralizationDemo.swift in Sources */ = {isa = PBXBuildFile; fileRef = BFC4AAD52D0FE2CD00C49F59 /* PluralizationDemo.swift */; };
		BFC4AAD82D0FE6A800C49F59 /* ListMemberStyleMeasurementDemo.swift in Sources */ = {isa = PBXBuildFile; fileRef = BFC4AAD72D0FE6A800C49F59 /* ListMemberStyleMeasurementDemo.swift */; };
		BFC4AADA2D10060200C49F59 /* TextDateDemo.swift in Sources */ = {isa = PBXBuildFile; fileRef = BFC4AAD92D10060200C49F59 /* TextDateDemo.swift */; };
		BFC4AADC2D10095200C49F59 /* AttributedStringDemo.swift in Sources */ = {isa = PBXBuildFile; fileRef = BFC4AADB2D10095200C49F59 /* AttributedStringDemo.swift */; };
		BFC4AADE2D1016D500C49F59 /* MainView.swift in Sources */ = {isa = PBXBuildFile; fileRef = BFC4AADD2D1016D500C49F59 /* MainView.swift */; };
/* End PBXBuildFile section */

/* Begin PBXFileReference section */
		BFC4AAB02D0FC6D200C49F59 /* TextExploration.app */ = {isa = PBXFileReference; explicitFileType = wrapper.application; includeInIndex = 0; path = TextExploration.app; sourceTree = BUILT_PRODUCTS_DIR; };
		BFC4AAC12D0FC6E200C49F59 /* Preview Assets.xcassets */ = {isa = PBXFileReference; lastKnownFileType = folder.assetcatalog; path = "Preview Assets.xcassets"; sourceTree = "<group>"; };
		BFC4AAC32D0FC6E200C49F59 /* Assets.xcassets */ = {isa = PBXFileReference; lastKnownFileType = folder.assetcatalog; path = Assets.xcassets; sourceTree = "<group>"; };
		BFC4AAC42D0FC6E200C49F59 /* AcrosticPoemView.swift */ = {isa = PBXFileReference; lastKnownFileType = sourcecode.swift; path = AcrosticPoemView.swift; sourceTree = "<group>"; };
		BFC4AAC52D0FC6E200C49F59 /* TextExplorationApp.swift */ = {isa = PBXFileReference; lastKnownFileType = sourcecode.swift; path = TextExplorationApp.swift; sourceTree = "<group>"; };
		BFC4AACB2D0FCC4C00C49F59 /* MarkDownDemo.swift */ = {isa = PBXFileReference; lastKnownFileType = sourcecode.swift; path = MarkDownDemo.swift; sourceTree = "<group>"; };
		BFC4AACD2D0FCE7000C49F59 /* MarkdownAndStringInterpolation.swift */ = {isa = PBXFileReference; lastKnownFileType = sourcecode.swift; path = MarkdownAndStringInterpolation.swift; sourceTree = "<group>"; };
		BFC4AACF2D0FCF9E00C49F59 /* DisplayCodeWIthMarkdown.swift */ = {isa = PBXFileReference; lastKnownFileType = sourcecode.swift; path = DisplayCodeWIthMarkdown.swift; sourceTree = "<group>"; };
		BFC4AAD12D0FD18C00C49F59 /* OpenURLActionDemo.swift */ = {isa = PBXFileReference; lastKnownFileType = sourcecode.swift; path = OpenURLActionDemo.swift; sourceTree = "<group>"; };
		BFC4AAD52D0FE2CD00C49F59 /* PluralizationDemo.swift */ = {isa = PBXFileReference; lastKnownFileType = sourcecode.swift; path = PluralizationDemo.swift; sourceTree = "<group>"; };
		BFC4AAD72D0FE6A800C49F59 /* ListMemberStyleMeasurementDemo.swift */ = {isa = PBXFileReference; lastKnownFileType = sourcecode.swift; path = ListMemberStyleMeasurementDemo.swift; sourceTree = "<group>"; };
		BFC4AAD92D10060200C49F59 /* TextDateDemo.swift */ = {isa = PBXFileReference; lastKnownFileType = sourcecode.swift; path = TextDateDemo.swift; sourceTree = "<group>"; };
		BFC4AADB2D10095200C49F59 /* AttributedStringDemo.swift */ = {isa = PBXFileReference; lastKnownFileType = sourcecode.swift; path = AttributedStringDemo.swift; sourceTree = "<group>"; };
		BFC4AADD2D1016D500C49F59 /* MainView.swift */ = {isa = PBXFileReference; lastKnownFileType = sourcecode.swift; path = MainView.swift; sourceTree = "<group>"; };
/* End PBXFileReference section */

/* Begin PBXFrameworksBuildPhase section */
		BFC4AAAD2D0FC6D200C49F59 /* Frameworks */ = {
			isa = PBXFrameworksBuildPhase;
			buildActionMask = 2147483647;
			files = (
			);
			runOnlyForDeploymentPostprocessing = 0;
		};
/* End PBXFrameworksBuildPhase section */

/* Begin PBXGroup section */
		BFC4AAA72D0FC6D200C49F59 = {
			isa = PBXGroup;
			children = (
				BFC4AAC62D0FC6E200C49F59 /* TextExploration */,
				BFC4AAB12D0FC6D200C49F59 /* Products */,
			);
			sourceTree = "<group>";
		};
		BFC4AAB12D0FC6D200C49F59 /* Products */ = {
			isa = PBXGroup;
			children = (
				BFC4AAB02D0FC6D200C49F59 /* TextExploration.app */,
			);
			name = Products;
			sourceTree = "<group>";
		};
		BFC4AAC22D0FC6E200C49F59 /* Preview Content */ = {
			isa = PBXGroup;
			children = (
				BFC4AAC12D0FC6E200C49F59 /* Preview Assets.xcassets */,
			);
			path = "Preview Content";
			sourceTree = "<group>";
		};
		BFC4AAC62D0FC6E200C49F59 /* TextExploration */ = {
			isa = PBXGroup;
			children = (
				BFC4AAC42D0FC6E200C49F59 /* AcrosticPoemView.swift */,
				BFC4AACB2D0FCC4C00C49F59 /* MarkDownDemo.swift */,
				BFC4AACD2D0FCE7000C49F59 /* MarkdownAndStringInterpolation.swift */,
				BFC4AACF2D0FCF9E00C49F59 /* DisplayCodeWIthMarkdown.swift */,
				BFC4AAD12D0FD18C00C49F59 /* OpenURLActionDemo.swift */,
				BFC4AAD52D0FE2CD00C49F59 /* PluralizationDemo.swift */,
				BFC4AAD72D0FE6A800C49F59 /* ListMemberStyleMeasurementDemo.swift */,
				BFC4AAD92D10060200C49F59 /* TextDateDemo.swift */,
				BFC4AADB2D10095200C49F59 /* AttributedStringDemo.swift */,
				BFC4AADD2D1016D500C49F59 /* MainView.swift */,
				BFC4AAC52D0FC6E200C49F59 /* TextExplorationApp.swift */,
				BFC4AAC32D0FC6E200C49F59 /* Assets.xcassets */,
				BFC4AAC22D0FC6E200C49F59 /* Preview Content */,
			);
			path = TextExploration;
			sourceTree = "<group>";
		};
/* End PBXGroup section */

/* Begin PBXNativeTarget section */
		BFC4AAAF2D0FC6D200C49F59 /* TextExploration */ = {
			isa = PBXNativeTarget;
			buildConfigurationList = BFC4AABE2D0FC6D300C49F59 /* Build configuration list for PBXNativeTarget "TextExploration" */;
			buildPhases = (
				BFC4AAAC2D0FC6D200C49F59 /* Sources */,
				BFC4AAAD2D0FC6D200C49F59 /* Frameworks */,
				BFC4AAAE2D0FC6D200C49F59 /* Resources */,
			);
			buildRules = (
			);
			dependencies = (
			);
			name = TextExploration;
			packageProductDependencies = (
			);
			productName = TextExploration;
			productReference = BFC4AAB02D0FC6D200C49F59 /* TextExploration.app */;
			productType = "com.apple.product-type.application";
		};
/* End PBXNativeTarget section */

/* Begin PBXProject section */
		BFC4AAA82D0FC6D200C49F59 /* Project object */ = {
			isa = PBXProject;
			attributes = {
				BuildIndependentTargetsInParallel = 1;
				LastSwiftUpdateCheck = 1610;
				LastUpgradeCheck = 1610;
				TargetAttributes = {
					BFC4AAAF2D0FC6D200C49F59 = {
						CreatedOnToolsVersion = 16.1;
					};
				};
			};
			buildConfigurationList = BFC4AAAB2D0FC6D200C49F59 /* Build configuration list for PBXProject "TextExploration" */;
			developmentRegion = en;
			hasScannedForEncodings = 0;
			knownRegions = (
				en,
				Base,
			);
			mainGroup = BFC4AAA72D0FC6D200C49F59;
			minimizedProjectReferenceProxies = 1;
			preferredProjectObjectVersion = 77;
			productRefGroup = BFC4AAB12D0FC6D200C49F59 /* Products */;
			projectDirPath = "";
			projectRoot = "";
			targets = (
				BFC4AAAF2D0FC6D200C49F59 /* TextExploration */,
			);
		};
/* End PBXProject section */

/* Begin PBXResourcesBuildPhase section */
		BFC4AAAE2D0FC6D200C49F59 /* Resources */ = {
			isa = PBXResourcesBuildPhase;
			buildActionMask = 2147483647;
			files = (
				BFC4AAC72D0FC6E200C49F59 /* Preview Assets.xcassets in Resources */,
				BFC4AAC82D0FC6E200C49F59 /* Assets.xcassets in Resources */,
			);
			runOnlyForDeploymentPostprocessing = 0;
		};
/* End PBXResourcesBuildPhase section */

/* Begin PBXSourcesBuildPhase section */
		BFC4AAAC2D0FC6D200C49F59 /* Sources */ = {
			isa = PBXSourcesBuildPhase;
			buildActionMask = 2147483647;
			files = (
				BFC4AAD22D0FD18C00C49F59 /* OpenURLActionDemo.swift in Sources */,
				BFC4AACE2D0FCE7000C49F59 /* MarkdownAndStringInterpolation.swift in Sources */,
				BFC4AADA2D10060200C49F59 /* TextDateDemo.swift in Sources */,
				BFC4AAD02D0FCF9E00C49F59 /* DisplayCodeWIthMarkdown.swift in Sources */,
				BFC4AAC92D0FC6E200C49F59 /* AcrosticPoemView.swift in Sources */,
				BFC4AACA2D0FC6E200C49F59 /* TextExplorationApp.swift in Sources */,
				BFC4AACC2D0FCC4C00C49F59 /* MarkDownDemo.swift in Sources */,
				BFC4AADE2D1016D500C49F59 /* MainView.swift in Sources */,
				BFC4AADC2D10095200C49F59 /* AttributedStringDemo.swift in Sources */,
				BFC4AAD62D0FE2CD00C49F59 /* PluralizationDemo.swift in Sources */,
				BFC4AAD82D0FE6A800C49F59 /* ListMemberStyleMeasurementDemo.swift in Sources */,
			);
			runOnlyForDeploymentPostprocessing = 0;
		};
/* End PBXSourcesBuildPhase section */

/* Begin XCBuildConfiguration section */
		BFC4AABC2D0FC6D300C49F59 /* Debug */ = {
			isa = XCBuildConfiguration;
			buildSettings = {
				ALWAYS_SEARCH_USER_PATHS = NO;
				ASSETCATALOG_COMPILER_GENERATE_SWIFT_ASSET_SYMBOL_EXTENSIONS = YES;
				CLANG_ANALYZER_NONNULL = YES;
				CLANG_ANALYZER_NUMBER_OBJECT_CONVERSION = YES_AGGRESSIVE;
				CLANG_CXX_LANGUAGE_STANDARD = "gnu++20";
				CLANG_ENABLE_MODULES = YES;
				CLANG_ENABLE_OBJC_ARC = YES;
				CLANG_ENABLE_OBJC_WEAK = YES;
				CLANG_WARN_BLOCK_CAPTURE_AUTORELEASING = YES;
				CLANG_WARN_BOOL_CONVERSION = YES;
				CLANG_WARN_COMMA = YES;
				CLANG_WARN_CONSTANT_CONVERSION = YES;
				CLANG_WARN_DEPRECATED_OBJC_IMPLEMENTATIONS = YES;
				CLANG_WARN_DIRECT_OBJC_ISA_USAGE = YES_ERROR;
				CLANG_WARN_DOCUMENTATION_COMMENTS = YES;
				CLANG_WARN_EMPTY_BODY = YES;
				CLANG_WARN_ENUM_CONVERSION = YES;
				CLANG_WARN_INFINITE_RECURSION = YES;
				CLANG_WARN_INT_CONVERSION = YES;
				CLANG_WARN_NON_LITERAL_NULL_CONVERSION = YES;
				CLANG_WARN_OBJC_IMPLICIT_RETAIN_SELF = YES;
				CLANG_WARN_OBJC_LITERAL_CONVERSION = YES;
				CLANG_WARN_OBJC_ROOT_CLASS = YES_ERROR;
				CLANG_WARN_QUOTED_INCLUDE_IN_FRAMEWORK_HEADER = YES;
				CLANG_WARN_RANGE_LOOP_ANALYSIS = YES;
				CLANG_WARN_STRICT_PROTOTYPES = YES;
				CLANG_WARN_SUSPICIOUS_MOVE = YES;
				CLANG_WARN_UNGUARDED_AVAILABILITY = YES_AGGRESSIVE;
				CLANG_WARN_UNREACHABLE_CODE = YES;
				CLANG_WARN__DUPLICATE_METHOD_MATCH = YES;
				COPY_PHASE_STRIP = NO;
				DEBUG_INFORMATION_FORMAT = dwarf;
				ENABLE_STRICT_OBJC_MSGSEND = YES;
				ENABLE_TESTABILITY = YES;
				ENABLE_USER_SCRIPT_SANDBOXING = YES;
				GCC_C_LANGUAGE_STANDARD = gnu17;
				GCC_DYNAMIC_NO_PIC = NO;
				GCC_NO_COMMON_BLOCKS = YES;
				GCC_OPTIMIZATION_LEVEL = 0;
				GCC_PREPROCESSOR_DEFINITIONS = (
					"DEBUG=1",
					"$(inherited)",
				);
				GCC_WARN_64_TO_32_BIT_CONVERSION = YES;
				GCC_WARN_ABOUT_RETURN_TYPE = YES_ERROR;
				GCC_WARN_UNDECLARED_SELECTOR = YES;
				GCC_WARN_UNINITIALIZED_AUTOS = YES_AGGRESSIVE;
				GCC_WARN_UNUSED_FUNCTION = YES;
				GCC_WARN_UNUSED_VARIABLE = YES;
				IPHONEOS_DEPLOYMENT_TARGET = 18.1;
				LOCALIZATION_PREFERS_STRING_CATALOGS = YES;
				MTL_ENABLE_DEBUG_INFO = INCLUDE_SOURCE;
				MTL_FAST_MATH = YES;
				ONLY_ACTIVE_ARCH = YES;
				SDKROOT = iphoneos;
				SWIFT_ACTIVE_COMPILATION_CONDITIONS = "DEBUG $(inherited)";
				SWIFT_OPTIMIZATION_LEVEL = "-Onone";
			};
			name = Debug;
		};
		BFC4AABD2D0FC6D300C49F59 /* Release */ = {
			isa = XCBuildConfiguration;
			buildSettings = {
				ALWAYS_SEARCH_USER_PATHS = NO;
				ASSETCATALOG_COMPILER_GENERATE_SWIFT_ASSET_SYMBOL_EXTENSIONS = YES;
				CLANG_ANALYZER_NONNULL = YES;
				CLANG_ANALYZER_NUMBER_OBJECT_CONVERSION = YES_AGGRESSIVE;
				CLANG_CXX_LANGUAGE_STANDARD = "gnu++20";
				CLANG_ENABLE_MODULES = YES;
				CLANG_ENABLE_OBJC_ARC = YES;
				CLANG_ENABLE_OBJC_WEAK = YES;
				CLANG_WARN_BLOCK_CAPTURE_AUTORELEASING = YES;
				CLANG_WARN_BOOL_CONVERSION = YES;
				CLANG_WARN_COMMA = YES;
				CLANG_WARN_CONSTANT_CONVERSION = YES;
				CLANG_WARN_DEPRECATED_OBJC_IMPLEMENTATIONS = YES;
				CLANG_WARN_DIRECT_OBJC_ISA_USAGE = YES_ERROR;
				CLANG_WARN_DOCUMENTATION_COMMENTS = YES;
				CLANG_WARN_EMPTY_BODY = YES;
				CLANG_WARN_ENUM_CONVERSION = YES;
				CLANG_WARN_INFINITE_RECURSION = YES;
				CLANG_WARN_INT_CONVERSION = YES;
				CLANG_WARN_NON_LITERAL_NULL_CONVERSION = YES;
				CLANG_WARN_OBJC_IMPLICIT_RETAIN_SELF = YES;
				CLANG_WARN_OBJC_LITERAL_CONVERSION = YES;
				CLANG_WARN_OBJC_ROOT_CLASS = YES_ERROR;
				CLANG_WARN_QUOTED_INCLUDE_IN_FRAMEWORK_HEADER = YES;
				CLANG_WARN_RANGE_LOOP_ANALYSIS = YES;
				CLANG_WARN_STRICT_PROTOTYPES = YES;
				CLANG_WARN_SUSPICIOUS_MOVE = YES;
				CLANG_WARN_UNGUARDED_AVAILABILITY = YES_AGGRESSIVE;
				CLANG_WARN_UNREACHABLE_CODE = YES;
				CLANG_WARN__DUPLICATE_METHOD_MATCH = YES;
				COPY_PHASE_STRIP = NO;
				DEBUG_INFORMATION_FORMAT = "dwarf-with-dsym";
				ENABLE_NS_ASSERTIONS = NO;
				ENABLE_STRICT_OBJC_MSGSEND = YES;
				ENABLE_USER_SCRIPT_SANDBOXING = YES;
				GCC_C_LANGUAGE_STANDARD = gnu17;
				GCC_NO_COMMON_BLOCKS = YES;
				GCC_WARN_64_TO_32_BIT_CONVERSION = YES;
				GCC_WARN_ABOUT_RETURN_TYPE = YES_ERROR;
				GCC_WARN_UNDECLARED_SELECTOR = YES;
				GCC_WARN_UNINITIALIZED_AUTOS = YES_AGGRESSIVE;
				GCC_WARN_UNUSED_FUNCTION = YES;
				GCC_WARN_UNUSED_VARIABLE = YES;
				IPHONEOS_DEPLOYMENT_TARGET = 18.1;
				LOCALIZATION_PREFERS_STRING_CATALOGS = YES;
				MTL_ENABLE_DEBUG_INFO = NO;
				MTL_FAST_MATH = YES;
				SDKROOT = iphoneos;
				SWIFT_COMPILATION_MODE = wholemodule;
				VALIDATE_PRODUCT = YES;
			};
			name = Release;
		};
		BFC4AABF2D0FC6D300C49F59 /* Debug */ = {
			isa = XCBuildConfiguration;
			buildSettings = {
				ASSETCATALOG_COMPILER_APPICON_NAME = AppIcon;
				ASSETCATALOG_COMPILER_GLOBAL_ACCENT_COLOR_NAME = AccentColor;
				CODE_SIGN_STYLE = Automatic;
				CURRENT_PROJECT_VERSION = 1;
				DEVELOPMENT_ASSET_PATHS = "\"TextExploration/Preview Content\"";
				DEVELOPMENT_TEAM = T9MD4URZFH;
				ENABLE_PREVIEWS = YES;
				GENERATE_INFOPLIST_FILE = YES;
				INFOPLIST_KEY_UIApplicationSceneManifest_Generation = YES;
				INFOPLIST_KEY_UIApplicationSupportsIndirectInputEvents = YES;
				INFOPLIST_KEY_UILaunchScreen_Generation = YES;
				INFOPLIST_KEY_UISupportedInterfaceOrientations_iPad = "UIInterfaceOrientationPortrait UIInterfaceOrientationPortraitUpsideDown UIInterfaceOrientationLandscapeLeft UIInterfaceOrientationLandscapeRight";
				INFOPLIST_KEY_UISupportedInterfaceOrientations_iPhone = "UIInterfaceOrientationPortrait UIInterfaceOrientationLandscapeLeft UIInterfaceOrientationLandscapeRight";
				LD_RUNPATH_SEARCH_PATHS = (
					"$(inherited)",
					"@executable_path/Frameworks",
				);
				MARKETING_VERSION = 1.0;
				PRODUCT_BUNDLE_IDENTIFIER = com.superkookai.TextExploration;
				PRODUCT_NAME = "$(TARGET_NAME)";
				SWIFT_EMIT_LOC_STRINGS = YES;
				SWIFT_VERSION = 5.0;
				TARGETED_DEVICE_FAMILY = "1,2";
			};
			name = Debug;
		};
		BFC4AAC02D0FC6D300C49F59 /* Release */ = {
			isa = XCBuildConfiguration;
			buildSettings = {
				ASSETCATALOG_COMPILER_APPICON_NAME = AppIcon;
				ASSETCATALOG_COMPILER_GLOBAL_ACCENT_COLOR_NAME = AccentColor;
				CODE_SIGN_STYLE = Automatic;
				CURRENT_PROJECT_VERSION = 1;
				DEVELOPMENT_ASSET_PATHS = "\"TextExploration/Preview Content\"";
				DEVELOPMENT_TEAM = T9MD4URZFH;
				ENABLE_PREVIEWS = YES;
				GENERATE_INFOPLIST_FILE = YES;
				INFOPLIST_KEY_UIApplicationSceneManifest_Generation = YES;
				INFOPLIST_KEY_UIApplicationSupportsIndirectInputEvents = YES;
				INFOPLIST_KEY_UILaunchScreen_Generation = YES;
				INFOPLIST_KEY_UISupportedInterfaceOrientations_iPad = "UIInterfaceOrientationPortrait UIInterfaceOrientationPortraitUpsideDown UIInterfaceOrientationLandscapeLeft UIInterfaceOrientationLandscapeRight";
				INFOPLIST_KEY_UISupportedInterfaceOrientations_iPhone = "UIInterfaceOrientationPortrait UIInterfaceOrientationLandscapeLeft UIInterfaceOrientationLandscapeRight";
				LD_RUNPATH_SEARCH_PATHS = (
					"$(inherited)",
					"@executable_path/Frameworks",
				);
				MARKETING_VERSION = 1.0;
				PRODUCT_BUNDLE_IDENTIFIER = com.superkookai.TextExploration;
				PRODUCT_NAME = "$(TARGET_NAME)";
				SWIFT_EMIT_LOC_STRINGS = YES;
				SWIFT_VERSION = 5.0;
				TARGETED_DEVICE_FAMILY = "1,2";
			};
			name = Release;
		};
/* End XCBuildConfiguration section */

/* Begin XCConfigurationList section */
		BFC4AAAB2D0FC6D200C49F59 /* Build configuration list for PBXProject "TextExploration" */ = {
			isa = XCConfigurationList;
			buildConfigurations = (
				BFC4AABC2D0FC6D300C49F59 /* Debug */,
				BFC4AABD2D0FC6D300C49F59 /* Release */,
			);
			defaultConfigurationIsVisible = 0;
			defaultConfigurationName = Release;
		};
		BFC4AABE2D0FC6D300C49F59 /* Build configuration list for PBXNativeTarget "TextExploration" */ = {
			isa = XCConfigurationList;
			buildConfigurations = (
				BFC4AABF2D0FC6D300C49F59 /* Debug */,
				BFC4AAC02D0FC6D300C49F59 /* Release */,
			);
			defaultConfigurationIsVisible = 0;
			defaultConfigurationName = Release;
		};
/* End XCConfigurationList section */
	};
	rootObject = BFC4AAA82D0FC6D200C49F59 /* Project object */;
}
